// !$*UTF8*$!
{
	archiveVersion = 1;
	classes = {
	};
	objectVersion = 50;
	objects = {

/* Begin PBXBuildFile section */
		0652D4CA25E7F79D00F3C6F2 /* AppDelegate.swift in Sources */ = {isa = PBXBuildFile; fileRef = 0652D4C925E7F79D00F3C6F2 /* AppDelegate.swift */; };
		0652D4CC25E7F79D00F3C6F2 /* SceneDelegate.swift in Sources */ = {isa = PBXBuildFile; fileRef = 0652D4CB25E7F79D00F3C6F2 /* SceneDelegate.swift */; };
		0652D4CE25E7F79D00F3C6F2 /* ViewController.swift in Sources */ = {isa = PBXBuildFile; fileRef = 0652D4CD25E7F79D00F3C6F2 /* ViewController.swift */; };
		0652D4D125E7F79D00F3C6F2 /* Main.storyboard in Resources */ = {isa = PBXBuildFile; fileRef = 0652D4CF25E7F79D00F3C6F2 /* Main.storyboard */; };
		0652D4D325E7F79F00F3C6F2 /* Assets.xcassets in Resources */ = {isa = PBXBuildFile; fileRef = 0652D4D225E7F79F00F3C6F2 /* Assets.xcassets */; };
		0652D4D625E7F79F00F3C6F2 /* LaunchScreen.storyboard in Resources */ = {isa = PBXBuildFile; fileRef = 0652D4D425E7F79F00F3C6F2 /* LaunchScreen.storyboard */; };
		0652D4E125E7F79F00F3C6F2 /* SwiftToolboxTests.swift in Sources */ = {isa = PBXBuildFile; fileRef = 0652D4E025E7F79F00F3C6F2 /* SwiftToolboxTests.swift */; };
		0652D4EC25E7F79F00F3C6F2 /* SwiftToolboxUITests.swift in Sources */ = {isa = PBXBuildFile; fileRef = 0652D4EB25E7F79F00F3C6F2 /* SwiftToolboxUITests.swift */; };
/* End PBXBuildFile section */

/* Begin PBXContainerItemProxy section */
		0652D4DD25E7F79F00F3C6F2 /* PBXContainerItemProxy */ = {
			isa = PBXContainerItemProxy;
			containerPortal = 0652D4BE25E7F79D00F3C6F2 /* Project object */;
			proxyType = 1;
			remoteGlobalIDString = 0652D4C525E7F79D00F3C6F2;
			remoteInfo = SwiftToolbox;
		};
		0652D4E825E7F79F00F3C6F2 /* PBXContainerItemProxy */ = {
			isa = PBXContainerItemProxy;
			containerPortal = 0652D4BE25E7F79D00F3C6F2 /* Project object */;
			proxyType = 1;
			remoteGlobalIDString = 0652D4C525E7F79D00F3C6F2;
			remoteInfo = SwiftToolbox;
		};
/* End PBXContainerItemProxy section */

/* Begin PBXFileReference section */
		0652D4C625E7F79D00F3C6F2 /* SwiftToolbox.app */ = {isa = PBXFileReference; explicitFileType = wrapper.application; includeInIndex = 0; path = SwiftToolbox.app; sourceTree = BUILT_PRODUCTS_DIR; };
		0652D4C925E7F79D00F3C6F2 /* AppDelegate.swift */ = {isa = PBXFileReference; lastKnownFileType = sourcecode.swift; path = AppDelegate.swift; sourceTree = "<group>"; };
		0652D4CB25E7F79D00F3C6F2 /* SceneDelegate.swift */ = {isa = PBXFileReference; lastKnownFileType = sourcecode.swift; path = SceneDelegate.swift; sourceTree = "<group>"; };
		0652D4CD25E7F79D00F3C6F2 /* ViewController.swift */ = {isa = PBXFileReference; lastKnownFileType = sourcecode.swift; path = ViewController.swift; sourceTree = "<group>"; };
		0652D4D025E7F79D00F3C6F2 /* Base */ = {isa = PBXFileReference; lastKnownFileType = file.storyboard; name = Base; path = Base.lproj/Main.storyboard; sourceTree = "<group>"; };
		0652D4D225E7F79F00F3C6F2 /* Assets.xcassets */ = {isa = PBXFileReference; lastKnownFileType = folder.assetcatalog; path = Assets.xcassets; sourceTree = "<group>"; };
		0652D4D525E7F79F00F3C6F2 /* Base */ = {isa = PBXFileReference; lastKnownFileType = file.storyboard; name = Base; path = Base.lproj/LaunchScreen.storyboard; sourceTree = "<group>"; };
		0652D4D725E7F79F00F3C6F2 /* Info.plist */ = {isa = PBXFileReference; lastKnownFileType = text.plist.xml; path = Info.plist; sourceTree = "<group>"; };
		0652D4DC25E7F79F00F3C6F2 /* SwiftToolboxTests.xctest */ = {isa = PBXFileReference; explicitFileType = wrapper.cfbundle; includeInIndex = 0; path = SwiftToolboxTests.xctest; sourceTree = BUILT_PRODUCTS_DIR; };
		0652D4E025E7F79F00F3C6F2 /* SwiftToolboxTests.swift */ = {isa = PBXFileReference; lastKnownFileType = sourcecode.swift; path = SwiftToolboxTests.swift; sourceTree = "<group>"; };
		0652D4E225E7F79F00F3C6F2 /* Info.plist */ = {isa = PBXFileReference; lastKnownFileType = text.plist.xml; path = Info.plist; sourceTree = "<group>"; };
		0652D4E725E7F79F00F3C6F2 /* SwiftToolboxUITests.xctest */ = {isa = PBXFileReference; explicitFileType = wrapper.cfbundle; includeInIndex = 0; path = SwiftToolboxUITests.xctest; sourceTree = BUILT_PRODUCTS_DIR; };
		0652D4EB25E7F79F00F3C6F2 /* SwiftToolboxUITests.swift */ = {isa = PBXFileReference; lastKnownFileType = sourcecode.swift; path = SwiftToolboxUITests.swift; sourceTree = "<group>"; };
		0652D4ED25E7F79F00F3C6F2 /* Info.plist */ = {isa = PBXFileReference; lastKnownFileType = text.plist.xml; path = Info.plist; sourceTree = "<group>"; };
/* End PBXFileReference section */

/* Begin PBXFrameworksBuildPhase section */
		0652D4C325E7F79D00F3C6F2 /* Frameworks */ = {
			isa = PBXFrameworksBuildPhase;
			buildActionMask = 2147483647;
			files = (
			);
			runOnlyForDeploymentPostprocessing = 0;
		};
		0652D4D925E7F79F00F3C6F2 /* Frameworks */ = {
			isa = PBXFrameworksBuildPhase;
			buildActionMask = 2147483647;
			files = (
			);
			runOnlyForDeploymentPostprocessing = 0;
		};
		0652D4E425E7F79F00F3C6F2 /* Frameworks */ = {
			isa = PBXFrameworksBuildPhase;
			buildActionMask = 2147483647;
			files = (
			);
			runOnlyForDeploymentPostprocessing = 0;
		};
/* End PBXFrameworksBuildPhase section */

/* Begin PBXGroup section */
		0652D4BD25E7F79D00F3C6F2 = {
			isa = PBXGroup;
			children = (
				0652D4C825E7F79D00F3C6F2 /* SwiftToolbox */,
				0652D4DF25E7F79F00F3C6F2 /* SwiftToolboxTests */,
				0652D4EA25E7F79F00F3C6F2 /* SwiftToolboxUITests */,
				0652D4C725E7F79D00F3C6F2 /* Products */,
			);
			sourceTree = "<group>";
		};
		0652D4C725E7F79D00F3C6F2 /* Products */ = {
			isa = PBXGroup;
			children = (
				0652D4C625E7F79D00F3C6F2 /* SwiftToolbox.app */,
				0652D4DC25E7F79F00F3C6F2 /* SwiftToolboxTests.xctest */,
				0652D4E725E7F79F00F3C6F2 /* SwiftToolboxUITests.xctest */,
			);
			name = Products;
			sourceTree = "<group>";
		};
		0652D4C825E7F79D00F3C6F2 /* SwiftToolbox */ = {
			isa = PBXGroup;
			children = (
				0652D4FC25E7FF7C00F3C6F2 /* Resources */,
				0652D4C925E7F79D00F3C6F2 /* AppDelegate.swift */,
				0652D4CB25E7F79D00F3C6F2 /* SceneDelegate.swift */,
				0652D4CD25E7F79D00F3C6F2 /* ViewController.swift */,
				0652D4CF25E7F79D00F3C6F2 /* Main.storyboard */,
				0652D4D425E7F79F00F3C6F2 /* LaunchScreen.storyboard */,
				0652D4D725E7F79F00F3C6F2 /* Info.plist */,
			);
			path = SwiftToolbox;
			sourceTree = "<group>";
		};
		0652D4DF25E7F79F00F3C6F2 /* SwiftToolboxTests */ = {
			isa = PBXGroup;
			children = (
				0652D4E025E7F79F00F3C6F2 /* SwiftToolboxTests.swift */,
				0652D4E225E7F79F00F3C6F2 /* Info.plist */,
			);
			path = SwiftToolboxTests;
			sourceTree = "<group>";
		};
		0652D4EA25E7F79F00F3C6F2 /* SwiftToolboxUITests */ = {
			isa = PBXGroup;
			children = (
				0652D4EB25E7F79F00F3C6F2 /* SwiftToolboxUITests.swift */,
				0652D4ED25E7F79F00F3C6F2 /* Info.plist */,
			);
			path = SwiftToolboxUITests;
			sourceTree = "<group>";
		};
		0652D4FC25E7FF7C00F3C6F2 /* Resources */ = {
			isa = PBXGroup;
			children = (
				0652D4D225E7F79F00F3C6F2 /* Assets.xcassets */,
			);
			path = Resources;
			sourceTree = "<group>";
		};
/* End PBXGroup section */

/* Begin PBXNativeTarget section */
		0652D4C525E7F79D00F3C6F2 /* SwiftToolbox */ = {
			isa = PBXNativeTarget;
			buildConfigurationList = 0652D4F025E7F79F00F3C6F2 /* Build configuration list for PBXNativeTarget "SwiftToolbox" */;
			buildPhases = (
				0652D4C225E7F79D00F3C6F2 /* Sources */,
				0652D4C325E7F79D00F3C6F2 /* Frameworks */,
				0652D4C425E7F79D00F3C6F2 /* Resources */,
			);
			buildRules = (
			);
			dependencies = (
			);
			name = SwiftToolbox;
			productName = SwiftToolbox;
			productReference = 0652D4C625E7F79D00F3C6F2 /* SwiftToolbox.app */;
			productType = "com.apple.product-type.application";
		};
		0652D4DB25E7F79F00F3C6F2 /* SwiftToolboxTests */ = {
			isa = PBXNativeTarget;
			buildConfigurationList = 0652D4F325E7F79F00F3C6F2 /* Build configuration list for PBXNativeTarget "SwiftToolboxTests" */;
			buildPhases = (
				0652D4D825E7F79F00F3C6F2 /* Sources */,
				0652D4D925E7F79F00F3C6F2 /* Frameworks */,
				0652D4DA25E7F79F00F3C6F2 /* Resources */,
			);
			buildRules = (
			);
			dependencies = (
				0652D4DE25E7F79F00F3C6F2 /* PBXTargetDependency */,
			);
			name = SwiftToolboxTests;
			productName = SwiftToolboxTests;
			productReference = 0652D4DC25E7F79F00F3C6F2 /* SwiftToolboxTests.xctest */;
			productType = "com.apple.product-type.bundle.unit-test";
		};
		0652D4E625E7F79F00F3C6F2 /* SwiftToolboxUITests */ = {
			isa = PBXNativeTarget;
			buildConfigurationList = 0652D4F625E7F79F00F3C6F2 /* Build configuration list for PBXNativeTarget "SwiftToolboxUITests" */;
			buildPhases = (
				0652D4E325E7F79F00F3C6F2 /* Sources */,
				0652D4E425E7F79F00F3C6F2 /* Frameworks */,
				0652D4E525E7F79F00F3C6F2 /* Resources */,
			);
			buildRules = (
			);
			dependencies = (
				0652D4E925E7F79F00F3C6F2 /* PBXTargetDependency */,
			);
			name = SwiftToolboxUITests;
			productName = SwiftToolboxUITests;
			productReference = 0652D4E725E7F79F00F3C6F2 /* SwiftToolboxUITests.xctest */;
			productType = "com.apple.product-type.bundle.ui-testing";
		};
/* End PBXNativeTarget section */

/* Begin PBXProject section */
		0652D4BE25E7F79D00F3C6F2 /* Project object */ = {
			isa = PBXProject;
			attributes = {
				LastSwiftUpdateCheck = 1240;
				LastUpgradeCheck = 1240;
				TargetAttributes = {
					0652D4C525E7F79D00F3C6F2 = {
						CreatedOnToolsVersion = 12.4;
					};
					0652D4DB25E7F79F00F3C6F2 = {
						CreatedOnToolsVersion = 12.4;
						TestTargetID = 0652D4C525E7F79D00F3C6F2;
					};
					0652D4E625E7F79F00F3C6F2 = {
						CreatedOnToolsVersion = 12.4;
						TestTargetID = 0652D4C525E7F79D00F3C6F2;
					};
				};
			};
			buildConfigurationList = 0652D4C125E7F79D00F3C6F2 /* Build configuration list for PBXProject "SwiftToolbox" */;
			compatibilityVersion = "Xcode 9.3";
			developmentRegion = en;
			hasScannedForEncodings = 0;
			knownRegions = (
				en,
				Base,
			);
			mainGroup = 0652D4BD25E7F79D00F3C6F2;
			productRefGroup = 0652D4C725E7F79D00F3C6F2 /* Products */;
			projectDirPath = "";
			projectRoot = "";
			targets = (
				0652D4C525E7F79D00F3C6F2 /* SwiftToolbox */,
				0652D4DB25E7F79F00F3C6F2 /* SwiftToolboxTests */,
				0652D4E625E7F79F00F3C6F2 /* SwiftToolboxUITests */,
			);
		};
/* End PBXProject section */

/* Begin PBXResourcesBuildPhase section */
		0652D4C425E7F79D00F3C6F2 /* Resources */ = {
			isa = PBXResourcesBuildPhase;
			buildActionMask = 2147483647;
			files = (
				0652D4D625E7F79F00F3C6F2 /* LaunchScreen.storyboard in Resources */,
				0652D4D325E7F79F00F3C6F2 /* Assets.xcassets in Resources */,
				0652D4D125E7F79D00F3C6F2 /* Main.storyboard in Resources */,
			);
			runOnlyForDeploymentPostprocessing = 0;
		};
		0652D4DA25E7F79F00F3C6F2 /* Resources */ = {
			isa = PBXResourcesBuildPhase;
			buildActionMask = 2147483647;
			files = (
			);
			runOnlyForDeploymentPostprocessing = 0;
		};
		0652D4E525E7F79F00F3C6F2 /* Resources */ = {
			isa = PBXResourcesBuildPhase;
			buildActionMask = 2147483647;
			files = (
			);
			runOnlyForDeploymentPostprocessing = 0;
		};
/* End PBXResourcesBuildPhase section */

/* Begin PBXSourcesBuildPhase section */
		0652D4C225E7F79D00F3C6F2 /* Sources */ = {
			isa = PBXSourcesBuildPhase;
			buildActionMask = 2147483647;
			files = (
				0652D4CE25E7F79D00F3C6F2 /* ViewController.swift in Sources */,
				0652D4CA25E7F79D00F3C6F2 /* AppDelegate.swift in Sources */,
				0652D4CC25E7F79D00F3C6F2 /* SceneDelegate.swift in Sources */,
			);
			runOnlyForDeploymentPostprocessing = 0;
		};
		0652D4D825E7F79F00F3C6F2 /* Sources */ = {
			isa = PBXSourcesBuildPhase;
			buildActionMask = 2147483647;
			files = (
				0652D4E125E7F79F00F3C6F2 /* SwiftToolboxTests.swift in Sources */,
			);
			runOnlyForDeploymentPostprocessing = 0;
		};
		0652D4E325E7F79F00F3C6F2 /* Sources */ = {
			isa = PBXSourcesBuildPhase;
			buildActionMask = 2147483647;
			files = (
				0652D4EC25E7F79F00F3C6F2 /* SwiftToolboxUITests.swift in Sources */,
			);
			runOnlyForDeploymentPostprocessing = 0;
		};
/* End PBXSourcesBuildPhase section */

/* Begin PBXTargetDependency section */
		0652D4DE25E7F79F00F3C6F2 /* PBXTargetDependency */ = {
			isa = PBXTargetDependency;
			target = 0652D4C525E7F79D00F3C6F2 /* SwiftToolbox */;
			targetProxy = 0652D4DD25E7F79F00F3C6F2 /* PBXContainerItemProxy */;
		};
		0652D4E925E7F79F00F3C6F2 /* PBXTargetDependency */ = {
			isa = PBXTargetDependency;
			target = 0652D4C525E7F79D00F3C6F2 /* SwiftToolbox */;
			targetProxy = 0652D4E825E7F79F00F3C6F2 /* PBXContainerItemProxy */;
		};
/* End PBXTargetDependency section */

/* Begin PBXVariantGroup section */
		0652D4CF25E7F79D00F3C6F2 /* Main.storyboard */ = {
			isa = PBXVariantGroup;
			children = (
				0652D4D025E7F79D00F3C6F2 /* Base */,
			);
			name = Main.storyboard;
			sourceTree = "<group>";
		};
		0652D4D425E7F79F00F3C6F2 /* LaunchScreen.storyboard */ = {
			isa = PBXVariantGroup;
			children = (
				0652D4D525E7F79F00F3C6F2 /* Base */,
			);
			name = LaunchScreen.storyboard;
			sourceTree = "<group>";
		};
/* End PBXVariantGroup section */

/* Begin XCBuildConfiguration section */
		0652D4EE25E7F79F00F3C6F2 /* Debug */ = {
			isa = XCBuildConfiguration;
			buildSettings = {
				ALWAYS_SEARCH_USER_PATHS = NO;
				CLANG_ANALYZER_NONNULL = YES;
				CLANG_ANALYZER_NUMBER_OBJECT_CONVERSION = YES_AGGRESSIVE;
				CLANG_CXX_LANGUAGE_STANDARD = "gnu++14";
				CLANG_CXX_LIBRARY = "libc++";
				CLANG_ENABLE_MODULES = YES;
				CLANG_ENABLE_OBJC_ARC = YES;
				CLANG_ENABLE_OBJC_WEAK = YES;
				CLANG_WARN_BLOCK_CAPTURE_AUTORELEASING = YES;
				CLANG_WARN_BOOL_CONVERSION = YES;
				CLANG_WARN_COMMA = YES;
				CLANG_WARN_CONSTANT_CONVERSION = YES;
				CLANG_WARN_DEPRECATED_OBJC_IMPLEMENTATIONS = YES;
				CLANG_WARN_DIRECT_OBJC_ISA_USAGE = YES_ERROR;
				CLANG_WARN_DOCUMENTATION_COMMENTS = YES;
				CLANG_WARN_EMPTY_BODY = YES;
				CLANG_WARN_ENUM_CONVERSION = YES;
				CLANG_WARN_INFINITE_RECURSION = YES;
				CLANG_WARN_INT_CONVERSION = YES;
				CLANG_WARN_NON_LITERAL_NULL_CONVERSION = YES;
				CLANG_WARN_OBJC_IMPLICIT_RETAIN_SELF = YES;
				CLANG_WARN_OBJC_LITERAL_CONVERSION = YES;
				CLANG_WARN_OBJC_ROOT_CLASS = YES_ERROR;
				CLANG_WARN_QUOTED_INCLUDE_IN_FRAMEWORK_HEADER = YES;
				CLANG_WARN_RANGE_LOOP_ANALYSIS = YES;
				CLANG_WARN_STRICT_PROTOTYPES = YES;
				CLANG_WARN_SUSPICIOUS_MOVE = YES;
				CLANG_WARN_UNGUARDED_AVAILABILITY = YES_AGGRESSIVE;
				CLANG_WARN_UNREACHABLE_CODE = YES;
				CLANG_WARN__DUPLICATE_METHOD_MATCH = YES;
				COPY_PHASE_STRIP = NO;
				DEBUG_INFORMATION_FORMAT = dwarf;
				ENABLE_STRICT_OBJC_MSGSEND = YES;
				ENABLE_TESTABILITY = YES;
				GCC_C_LANGUAGE_STANDARD = gnu11;
				GCC_DYNAMIC_NO_PIC = NO;
				GCC_NO_COMMON_BLOCKS = YES;
				GCC_OPTIMIZATION_LEVEL = 0;
				GCC_PREPROCESSOR_DEFINITIONS = (
					"DEBUG=1",
					"$(inherited)",
				);
				GCC_WARN_64_TO_32_BIT_CONVERSION = YES;
				GCC_WARN_ABOUT_RETURN_TYPE = YES_ERROR;
				GCC_WARN_UNDECLARED_SELECTOR = YES;
				GCC_WARN_UNINITIALIZED_AUTOS = YES_AGGRESSIVE;
				GCC_WARN_UNUSED_FUNCTION = YES;
				GCC_WARN_UNUSED_VARIABLE = YES;
				IPHONEOS_DEPLOYMENT_TARGET = 14.4;
				MTL_ENABLE_DEBUG_INFO = INCLUDE_SOURCE;
				MTL_FAST_MATH = YES;
				ONLY_ACTIVE_ARCH = YES;
				SDKROOT = iphoneos;
				SWIFT_ACTIVE_COMPILATION_CONDITIONS = DEBUG;
				SWIFT_OPTIMIZATION_LEVEL = "-Onone";
			};
			name = Debug;
		};
		0652D4EF25E7F79F00F3C6F2 /* Release */ = {
			isa = XCBuildConfiguration;
			buildSettings = {
				ALWAYS_SEARCH_USER_PATHS = NO;
				CLANG_ANALYZER_NONNULL = YES;
				CLANG_ANALYZER_NUMBER_OBJECT_CONVERSION = YES_AGGRESSIVE;
				CLANG_CXX_LANGUAGE_STANDARD = "gnu++14";
				CLANG_CXX_LIBRARY = "libc++";
				CLANG_ENABLE_MODULES = YES;
				CLANG_ENABLE_OBJC_ARC = YES;
				CLANG_ENABLE_OBJC_WEAK = YES;
				CLANG_WARN_BLOCK_CAPTURE_AUTORELEASING = YES;
				CLANG_WARN_BOOL_CONVERSION = YES;
				CLANG_WARN_COMMA = YES;
				CLANG_WARN_CONSTANT_CONVERSION = YES;
				CLANG_WARN_DEPRECATED_OBJC_IMPLEMENTATIONS = YES;
				CLANG_WARN_DIRECT_OBJC_ISA_USAGE = YES_ERROR;
				CLANG_WARN_DOCUMENTATION_COMMENTS = YES;
				CLANG_WARN_EMPTY_BODY = YES;
				CLANG_WARN_ENUM_CONVERSION = YES;
				CLANG_WARN_INFINITE_RECURSION = YES;
				CLANG_WARN_INT_CONVERSION = YES;
				CLANG_WARN_NON_LITERAL_NULL_CONVERSION = YES;
				CLANG_WARN_OBJC_IMPLICIT_RETAIN_SELF = YES;
				CLANG_WARN_OBJC_LITERAL_CONVERSION = YES;
				CLANG_WARN_OBJC_ROOT_CLASS = YES_ERROR;
				CLANG_WARN_QUOTED_INCLUDE_IN_FRAMEWORK_HEADER = YES;
				CLANG_WARN_RANGE_LOOP_ANALYSIS = YES;
				CLANG_WARN_STRICT_PROTOTYPES = YES;
				CLANG_WARN_SUSPICIOUS_MOVE = YES;
				CLANG_WARN_UNGUARDED_AVAILABILITY = YES_AGGRESSIVE;
				CLANG_WARN_UNREACHABLE_CODE = YES;
				CLANG_WARN__DUPLICATE_METHOD_MATCH = YES;
				COPY_PHASE_STRIP = NO;
				DEBUG_INFORMATION_FORMAT = "dwarf-with-dsym";
				ENABLE_NS_ASSERTIONS = NO;
				ENABLE_STRICT_OBJC_MSGSEND = YES;
				GCC_C_LANGUAGE_STANDARD = gnu11;
				GCC_NO_COMMON_BLOCKS = YES;
				GCC_WARN_64_TO_32_BIT_CONVERSION = YES;
				GCC_WARN_ABOUT_RETURN_TYPE = YES_ERROR;
				GCC_WARN_UNDECLARED_SELECTOR = YES;
				GCC_WARN_UNINITIALIZED_AUTOS = YES_AGGRESSIVE;
				GCC_WARN_UNUSED_FUNCTION = YES;
				GCC_WARN_UNUSED_VARIABLE = YES;
				IPHONEOS_DEPLOYMENT_TARGET = 14.4;
				MTL_ENABLE_DEBUG_INFO = NO;
				MTL_FAST_MATH = YES;
				SDKROOT = iphoneos;
				SWIFT_COMPILATION_MODE = wholemodule;
				SWIFT_OPTIMIZATION_LEVEL = "-O";
				VALIDATE_PRODUCT = YES;
			};
			name = Release;
		};
		0652D4F125E7F79F00F3C6F2 /* Debug */ = {
			isa = XCBuildConfiguration;
			buildSettings = {
				ASSETCATALOG_COMPILER_APPICON_NAME = AppIcon;
				ASSETCATALOG_COMPILER_GLOBAL_ACCENT_COLOR_NAME = AccentColor;
				CODE_SIGN_STYLE = Automatic;
				DEVELOPMENT_TEAM = KQGXD62JXR;
				INFOPLIST_FILE = SwiftToolbox/Info.plist;
				LD_RUNPATH_SEARCH_PATHS = (
					"$(inherited)",
					"@executable_path/Frameworks",
				);
				PRODUCT_BUNDLE_IDENTIFIER = com.floriandoussin.SwiftToolbox;
				PRODUCT_NAME = "$(TARGET_NAME)";
				SWIFT_VERSION = 5.0;
				TARGETED_DEVICE_FAMILY = "1,2";
			};
			name = Debug;
		};
		0652D4F225E7F79F00F3C6F2 /* Release */ = {
			isa = XCBuildConfiguration;
			buildSettings = {
				ASSETCATALOG_COMPILER_APPICON_NAME = AppIcon;
				ASSETCATALOG_COMPILER_GLOBAL_ACCENT_COLOR_NAME = AccentColor;
				CODE_SIGN_STYLE = Automatic;
				DEVELOPMENT_TEAM = KQGXD62JXR;
				INFOPLIST_FILE = SwiftToolbox/Info.plist;
				LD_RUNPATH_SEARCH_PATHS = (
					"$(inherited)",
					"@executable_path/Frameworks",
				);
				PRODUCT_BUNDLE_IDENTIFIER = com.floriandoussin.SwiftToolbox;
				PRODUCT_NAME = "$(TARGET_NAME)";
				SWIFT_VERSION = 5.0;
				TARGETED_DEVICE_FAMILY = "1,2";
			};
			name = Release;
		};
		0652D4F425E7F79F00F3C6F2 /* Debug */ = {
			isa = XCBuildConfiguration;
			buildSettings = {
				ALWAYS_EMBED_SWIFT_STANDARD_LIBRARIES = YES;
				BUNDLE_LOADER = "$(TEST_HOST)";
				CODE_SIGN_STYLE = Automatic;
				DEVELOPMENT_TEAM = KQGXD62JXR;
				INFOPLIST_FILE = SwiftToolboxTests/Info.plist;
				IPHONEOS_DEPLOYMENT_TARGET = 14.4;
				LD_RUNPATH_SEARCH_PATHS = (
					"$(inherited)",
					"@executable_path/Frameworks",
					"@loader_path/Frameworks",
				);
				PRODUCT_BUNDLE_IDENTIFIER = com.floriandoussin.SwiftToolboxTests;
				PRODUCT_NAME = "$(TARGET_NAME)";
				SWIFT_VERSION = 5.0;
				TARGETED_DEVICE_FAMILY = "1,2";
				TEST_HOST = "$(BUILT_PRODUCTS_DIR)/SwiftToolbox.app/SwiftToolbox";
			};
			name = Debug;
		};
		0652D4F525E7F79F00F3C6F2 /* Release */ = {
			isa = XCBuildConfiguration;
			buildSettings = {
				ALWAYS_EMBED_SWIFT_STANDARD_LIBRARIES = YES;
				BUNDLE_LOADER = "$(TEST_HOST)";
				CODE_SIGN_STYLE = Automatic;
				DEVELOPMENT_TEAM = KQGXD62JXR;
				INFOPLIST_FILE = SwiftToolboxTests/Info.plist;
				IPHONEOS_DEPLOYMENT_TARGET = 14.4;
				LD_RUNPATH_SEARCH_PATHS = (
					"$(inherited)",
					"@executable_path/Frameworks",
					"@loader_path/Frameworks",
				);
				PRODUCT_BUNDLE_IDENTIFIER = com.floriandoussin.SwiftToolboxTests;
				PRODUCT_NAME = "$(TARGET_NAME)";
				SWIFT_VERSION = 5.0;
				TARGETED_DEVICE_FAMILY = "1,2";
				TEST_HOST = "$(BUILT_PRODUCTS_DIR)/SwiftToolbox.app/SwiftToolbox";
			};
			name = Release;
		};
		0652D4F725E7F79F00F3C6F2 /* Debug */ = {
			isa = XCBuildConfiguration;
			buildSettings = {
				ALWAYS_EMBED_SWIFT_STANDARD_LIBRARIES = YES;
				CODE_SIGN_STYLE = Automatic;
				DEVELOPMENT_TEAM = KQGXD62JXR;
				INFOPLIST_FILE = SwiftToolboxUITests/Info.plist;
				LD_RUNPATH_SEARCH_PATHS = (
					"$(inherited)",
					"@executable_path/Frameworks",
					"@loader_path/Frameworks",
				);
				PRODUCT_BUNDLE_IDENTIFIER = com.floriandoussin.SwiftToolboxUITests;
				PRODUCT_NAME = "$(TARGET_NAME)";
				SWIFT_VERSION = 5.0;
				TARGETED_DEVICE_FAMILY = "1,2";
				TEST_TARGET_NAME = SwiftToolbox;
			};
			name = Debug;
		};
		0652D4F825E7F79F00F3C6F2 /* Release */ = {
			isa = XCBuildConfiguration;
			buildSettings = {
				ALWAYS_EMBED_SWIFT_STANDARD_LIBRARIES = YES;
				CODE_SIGN_STYLE = Automatic;
				DEVELOPMENT_TEAM = KQGXD62JXR;
				INFOPLIST_FILE = SwiftToolboxUITests/Info.plist;
				LD_RUNPATH_SEARCH_PATHS = (
					"$(inherited)",
					"@executable_path/Frameworks",
					"@loader_path/Frameworks",
				);
				PRODUCT_BUNDLE_IDENTIFIER = com.floriandoussin.SwiftToolboxUITests;
				PRODUCT_NAME = "$(TARGET_NAME)";
				SWIFT_VERSION = 5.0;
				TARGETED_DEVICE_FAMILY = "1,2";
				TEST_TARGET_NAME = SwiftToolbox;
			};
			name = Release;
		};
/* End XCBuildConfiguration section */

/* Begin XCConfigurationList section */
		0652D4C125E7F79D00F3C6F2 /* Build configuration list for PBXProject "SwiftToolbox" */ = {
			isa = XCConfigurationList;
			buildConfigurations = (
				0652D4EE25E7F79F00F3C6F2 /* Debug */,
				0652D4EF25E7F79F00F3C6F2 /* Release */,
			);
			defaultConfigurationIsVisible = 0;
			defaultConfigurationName = Release;
		};
		0652D4F025E7F79F00F3C6F2 /* Build configuration list for PBXNativeTarget "SwiftToolbox" */ = {
			isa = XCConfigurationList;
			buildConfigurations = (
				0652D4F125E7F79F00F3C6F2 /* Debug */,
				0652D4F225E7F79F00F3C6F2 /* Release */,
			);
			defaultConfigurationIsVisible = 0;
			defaultConfigurationName = Release;
		};
		0652D4F325E7F79F00F3C6F2 /* Build configuration list for PBXNativeTarget "SwiftToolboxTests" */ = {
			isa = XCConfigurationList;
			buildConfigurations = (
				0652D4F425E7F79F00F3C6F2 /* Debug */,
				0652D4F525E7F79F00F3C6F2 /* Release */,
			);
			defaultConfigurationIsVisible = 0;
			defaultConfigurationName = Release;
		};
		0652D4F625E7F79F00F3C6F2 /* Build configuration list for PBXNativeTarget "SwiftToolboxUITests" */ = {
			isa = XCConfigurationList;
			buildConfigurations = (
				0652D4F725E7F79F00F3C6F2 /* Debug */,
				0652D4F825E7F79F00F3C6F2 /* Release */,
			);
			defaultConfigurationIsVisible = 0;
			defaultConfigurationName = Release;
		};
/* End XCConfigurationList section */
	};
	rootObject = 0652D4BE25E7F79D00F3C6F2 /* Project object */;
}
